Microsoft Visual Studio Solution File, Format Version 11.00
# Visual Studio 2008

Project("{8E72A06D-5FB8-1E6C-5F61-4027F50F653E}") = "ThinBlueLine", "Assembly-CSharp.csproj", "{28C79EA7-980A-7282-934B-197CA5CCC4F1}"
EndProject
Global
	GlobalSection(SolutionConfigurationPlatforms) = preSolution
		Debug|Any CPU = Debug|Any CPU
		Release|Any CPU = Release|Any CPU
	EndGlobalSection
	GlobalSection(ProjectConfigurationPlatforms) = postSolution
		{28C79EA7-980A-7282-934B-197CA5CCC4F1}.Debug|Any CPU.ActiveCfg = Debug|Any CPU
		{28C79EA7-980A-7282-934B-197CA5CCC4F1}.Debug|Any CPU.Build.0 = Debug|Any CPU
		{28C79EA7-980A-7282-934B-197CA5CCC4F1}.Release|Any CPU.ActiveCfg = Release|Any CPU
		{28C79EA7-980A-7282-934B-197CA5CCC4F1}.Release|Any CPU.Build.0 = Release|Any CPU
	EndGlobalSection
	GlobalSection(SolutionProperties) = preSolution
		HideSolutionNode = FALSE
	EndGlobalSection
	GlobalSection(MonoDevelopProperties) = preSolution
		StartupItem = Assembly-CSharp.csproj
	EndGlobalSection
EndGlobal
